
Microsoft Visual Studio Solution File, Format Version 12.00
# Visual Studio Version 16
VisualStudioVersion = 16.0.28917.181
MinimumVisualStudioVersion = 10.0.40219.1
Project("{FAE04EC0-301F-11D3-BF4B-00C04F79EFBC}") = "Generic.CABAppControl", "CABAppControl\Generic.CABAppControl.csproj", "{10A6656A-82F9-4A64-B59E-708B0E6CC2BE}"
EndProject
Project("{FAE04EC0-301F-11D3-BF4B-00C04F79EFBC}") = "Generic.CABApplication", "CABApplication\Generic.CABApplication.csproj", "{D9664BC1-9FD5-4F70-A276-21BAFA4F554B}"
EndProject
Project("{FAE04EC0-301F-11D3-BF4B-00C04F79EFBC}") = "Generic.CABEntity", "CABEntity\Generic.CABEntity.csproj", "{56A4EC2F-0685-497B-AC24-111F875E8F1A}"
EndProject
Project("{FAE04EC0-301F-11D3-BF4B-00C04F79EFBC}") = "Generic.CHANNEL", "CHANNEL\Generic.CHANNEL.csproj", "{3E3E22FF-8227-40FD-90A3-1A6EAADCFCE6}"
EndProject
Project("{FAE04EC0-301F-11D3-BF4B-00C04F79EFBC}") = "Generic.CABFramework", "CABFramework\Generic.CABFramework.csproj", "{CF4BBFC7-E739-4789-BB1E-4FFBA6F8C6C4}"
EndProject
Project("{FAE04EC0-301F-11D3-BF4B-00C04F79EFBC}") = "Generic.CABExceptionFramework", "CABExceptionFramework\Generic.CABExceptionFramework.csproj", "{555A6772-1779-4331-BEE8-5B6DF7E5189C}"
EndProject
Project("{FAE04EC0-301F-11D3-BF4B-00C04F79EFBC}") = "Generic.CABBLL", "CABBLL\Generic.CABBLL.csproj", "{988D73F9-B10E-41D9-BE34-FD67D11C393C}"
EndProject
Project("{FAE04EC0-301F-11D3-BF4B-00C04F79EFBC}") = "Generic.CABDAL", "CABDAL\Generic.CABDAL.csproj", "{24A0D0CC-2668-41C7-AB8E-20CD52E735F4}"
EndProject
Project("{FAE04EC0-301F-11D3-BF4B-00C04F79EFBC}") = "Generic.DLMSLIB", "DLMSLIB\Generic.DLMSLIB.csproj", "{8C3587A9-7A26-43B8-9D12-3F5934740528}"
EndProject
Project("{FAE04EC0-301F-11D3-BF4B-00C04F79EFBC}") = "Generic.SerialCommunication", "SerialCommunication\Generic.SerialCommunication.csproj", "{D8A3C316-50FF-4960-A9A4-3B5AF82DC024}"
EndProject
Project("{FAE04EC0-301F-11D3-BF4B-00C04F79EFBC}") = "Generic.Utilities", "Utilities\Generic.Utilities.csproj", "{1C998CF6-4BD7-449E-AD67-7057FDA6C71D}"
EndProject
Project("{FAE04EC0-301F-11D3-BF4B-00C04F79EFBC}") = "Generic.FastDownloading", "FastDownloading\Generic.FastDownloading.csproj", "{ECAFC7D3-C712-4BE8-A0F2-15BE089C5387}"
EndProject
Project("{FAE04EC0-301F-11D3-BF4B-00C04F79EFBC}") = "Generic.Generic3PhaseCommunication", "DLMSGSMCommunication\Generic.Generic3PhaseCommunication.csproj", "{B1AA6220-8C67-4BA6-A97B-E639931B0E16}"
EndProject
Project("{FAE04EC0-301F-11D3-BF4B-00C04F79EFBC}") = "Common.CAB.License", "CAB.License\Common.CAB.License.csproj", "{0E1FA92B-CF06-48F3-AAC0-50609AF5396F}"
EndProject
Project("{FAE04EC0-301F-11D3-BF4B-00C04F79EFBC}") = "Common.CAB.DataProtection", "CAB.DataProtection\Common.CAB.DataProtection.csproj", "{133D14DD-29A9-438F-B171-80EB0C5B8509}"
EndProject
Project("{FAE04EC0-301F-11D3-BF4B-00C04F79EFBC}") = "Common.CAB.License.DataStore", "CAB.License.DataStore\Common.CAB.License.DataStore.csproj", "{3A25C9C1-37DB-4B3F-B313-83871490893E}"
EndProject
Project("{FAE04EC0-301F-11D3-BF4B-00C04F79EFBC}") = "Common.CAB.License.KeyGenerator", "CAB.License.KeyGenerator\Common.CAB.License.KeyGenerator.csproj", "{E302A9AB-6D34-4016-82B7-1CD52CE17F0A}"
EndProject
Project("{FAE04EC0-301F-11D3-BF4B-00C04F79EFBC}") = "Generic.GPRSCommunication", "GPRSCommunication\Generic.GPRSCommunication.csproj", "{4E756C07-5331-4742-BAF8-548CC7C7F980}"
EndProject
Project("{FAE04EC0-301F-11D3-BF4B-00C04F79EFBC}") = "Generic.GPRSComService", "GPRSComService\Generic.GPRSComService.csproj", "{92BDCA32-D7F2-4B6D-AC0A-4F2CA58D1009}"
EndProject
Project("{FAE04EC0-301F-11D3-BF4B-00C04F79EFBC}") = "Common.Hunt.EPIC.Logging", "Hunt.EPIC.Logging\Common.Hunt.EPIC.Logging.csproj", "{767ED638-2423-4588-95BE-1DB061975B2B}"
EndProject
Project("{FAE04EC0-301F-11D3-BF4B-00C04F79EFBC}") = "IEC.CAB.Framework", "TNEB.CABFramework\IEC.CAB.Framework.csproj", "{5A821211-487F-478E-AD65-C4AFA0EE4C82}"
EndProject
Project("{FAE04EC0-301F-11D3-BF4B-00C04F79EFBC}") = "IEC.CAB.SerialCommunication", "TNEB.SerialCommunication\IEC.CAB.SerialCommunication.csproj", "{ABEF4A03-4DB1-405E-8F83-D10DB36E583B}"
EndProject
Project("{FAE04EC0-301F-11D3-BF4B-00C04F79EFBC}") = "Common.CAB.Communication.WrapperLayer", "CABCommunication.WrapperLayer\Common.CAB.Communication.WrapperLayer.csproj", "{2F0A3EA8-812F-400C-A08F-174017151101}"
EndProject
Project("{FAE04EC0-301F-11D3-BF4B-00C04F79EFBC}") = "Common.CAB.Communication.PhysicalLayer", "CABCommunication.PhysicalLayer\Common.CAB.Communication.PhysicalLayer.csproj", "{4596AFA2-A826-4248-86CB-ED0EC8A1CCE7}"
EndProject
Project("{FAE04EC0-301F-11D3-BF4B-00C04F79EFBC}") = "Common.CAB.Communication.DataLinkLayer", "CABCommunication.DataLinkLayer\Common.CAB.Communication.DataLinkLayer.csproj", "{C94037AC-97E5-47AF-9558-0CC21D7277F2}"
EndProject
Project("{FAE04EC0-301F-11D3-BF4B-00C04F79EFBC}") = "Common.CAB.Communication.Common", "CABCommunication.Common\Common.CAB.Communication.Common.csproj", "{5374F8CA-F4A8-4F30-92C4-6A938FD12518}"
EndProject
Project("{FAE04EC0-301F-11D3-BF4B-00C04F79EFBC}") = "Common.CAB.Communication.ApplicationLayer", "CABCommunication.ApplicationLayer\Common.CAB.Communication.ApplicationLayer.csproj", "{6BC99087-067E-48FC-AF54-46C0DFE3C704}"
EndProject
Project("{FAE04EC0-301F-11D3-BF4B-00C04F79EFBC}") = "Common.CAB.E650MeterConfiguration.Entity", "CAB.E650MeterConfiguration.Entity\Common.CAB.E650MeterConfiguration.Entity.csproj", "{ED428E9B-12E0-4385-8A9B-2AB28A943428}"
EndProject
Project("{FAE04EC0-301F-11D3-BF4B-00C04F79EFBC}") = "Common.CAB.EntityGenerator", "EntityGenerator\Common.CAB.EntityGenerator.csproj", "{B9D4DE30-1F56-40D0-A44A-D16FC3C0A71B}"
EndProject
Project("{FAE04EC0-301F-11D3-BF4B-00C04F79EFBC}") = "Common.CAB.E650MeterConfiguration", "E650MeterConfiguration\Common.CAB.E650MeterConfiguration.csproj", "{5205351E-A788-4D42-90DA-E87F9307D803}"
EndProject
Project("{FAE04EC0-301F-11D3-BF4B-00C04F79EFBC}") = "Common.CAB.Parser", "CAB.Parser\Common.CAB.Parser.csproj", "{F5257B2A-E66A-4A87-A00C-03CE2798510E}"
EndProject
Project("{FAE04EC0-301F-11D3-BF4B-00C04F79EFBC}") = "Common.CAB.Parser.Entity", "CAB.Parser.Entity\Common.CAB.Parser.Entity.csproj", "{8CAD342E-EEAD-45B5-8440-200AEEE3D1C2}"
EndProject
Project("{FAE04EC0-301F-11D3-BF4B-00C04F79EFBC}") = "Common.CAB.Serialization", "CAB.Serialization\Common.CAB.Serialization.csproj", "{3B9CB8CE-14DE-4E12-AD8D-801D76FC257A}"
EndProject
Project("{FAE04EC0-301F-11D3-BF4B-00C04F79EFBC}") = "Common.EntityMapper", "Common.EntityMapper\Common.EntityMapper.csproj", "{80F6D1B4-DA86-4BC7-BE17-0AD88FCD9118}"
EndProject
Project("{FAE04EC0-301F-11D3-BF4B-00C04F79EFBC}") = "IEC.CAB.Entity", "TNEB.CABEntity\IEC.CAB.Entity.csproj", "{92D059A2-84BA-47DE-BC55-0846C449BD91}"
EndProject
Project("{FAE04EC0-301F-11D3-BF4B-00C04F79EFBC}") = "IEC.CAB.BLL", "TNEB.CABBLL\IEC.CAB.BLL.csproj", "{4EB21011-8B2D-42E7-9B3D-4313F8DBBF06}"
EndProject
Project("{FAE04EC0-301F-11D3-BF4B-00C04F79EFBC}") = "IEC.CAB.DAL", "TNEB.CABDAL\IEC.CAB.DAL.csproj", "{CC40E488-B733-487F-ABD6-673569A151BB}"
EndProject
Project("{FAE04EC0-301F-11D3-BF4B-00C04F79EFBC}") = "IEC.CAB.ExceptionFramework", "TNEB.CABExceptionFramework\IEC.CAB.ExceptionFramework.csproj", "{70C76E63-679D-4718-826A-5A22CD7557B8}"
EndProject
Project("{FAE04EC0-301F-11D3-BF4B-00C04F79EFBC}") = "IEC.CAB.CHANNEL", "TNEB.CHANNEL\IEC.CAB.CHANNEL.csproj", "{10AA1374-4A11-44A6-921F-81761D3A253F}"
EndProject
Project("{FAE04EC0-301F-11D3-BF4B-00C04F79EFBC}") = "IEC.CAB.AppControl", "TNEB.CABAppControl\IEC.CAB.AppControl.csproj", "{06FBFF7A-BB32-4D84-AA34-3E7F64E20032}"
EndProject
Project("{FAE04EC0-301F-11D3-BF4B-00C04F79EFBC}") = "IEC.CAB.Mapper", "CAB.Mapper\IEC.CAB.Mapper.csproj", "{E2303497-2257-48D9-AEDF-0B9BA05F17AC}"
EndProject
Project("{FAE04EC0-301F-11D3-BF4B-00C04F79EFBC}") = "IEC.CAB.Contracts", "CABContracts\IEC.CAB.Contracts.csproj", "{236E7E11-580E-4B3E-8106-F7AA249AFEF1}"
EndProject
Project("{FAE04EC0-301F-11D3-BF4B-00C04F79EFBC}") = "CAB.MeterData.Upload", "CAB.MeterData.Upload\CAB.MeterData.Upload.csproj", "{8D3B1F7B-6627-4A25-9272-6BEB2F752816}"
EndProject
Global
	GlobalSection(SolutionConfigurationPlatforms) = preSolution
		Debug|Any CPU = Debug|Any CPU
		Debug|x86 = Debug|x86
		Release|Any CPU = Release|Any CPU
		Release|x86 = Release|x86
	EndGlobalSection
	GlobalSection(ProjectConfigurationPlatforms) = postSolution
		{10A6656A-82F9-4A64-B59E-708B0E6CC2BE}.Debug|Any CPU.ActiveCfg = Debug|Any CPU
		{10A6656A-82F9-4A64-B59E-708B0E6CC2BE}.Debug|Any CPU.Build.0 = Debug|Any CPU
		{10A6656A-82F9-4A64-B59E-708B0E6CC2BE}.Debug|x86.ActiveCfg = Debug|x86
		{10A6656A-82F9-4A64-B59E-708B0E6CC2BE}.Debug|x86.Build.0 = Debug|x86
		{10A6656A-82F9-4A64-B59E-708B0E6CC2BE}.Release|Any CPU.ActiveCfg = Release|Any CPU
		{10A6656A-82F9-4A64-B59E-708B0E6CC2BE}.Release|Any CPU.Build.0 = Release|Any CPU
		{10A6656A-82F9-4A64-B59E-708B0E6CC2BE}.Release|x86.ActiveCfg = Release|x86
		{10A6656A-82F9-4A64-B59E-708B0E6CC2BE}.Release|x86.Build.0 = Release|x86
		{D9664BC1-9FD5-4F70-A276-21BAFA4F554B}.Debug|Any CPU.ActiveCfg = Debug|Any CPU
		{D9664BC1-9FD5-4F70-A276-21BAFA4F554B}.Debug|Any CPU.Build.0 = Debug|Any CPU
		{D9664BC1-9FD5-4F70-A276-21BAFA4F554B}.Debug|x86.ActiveCfg = Debug|x86
		{D9664BC1-9FD5-4F70-A276-21BAFA4F554B}.Debug|x86.Build.0 = Debug|x86
		{D9664BC1-9FD5-4F70-A276-21BAFA4F554B}.Release|Any CPU.ActiveCfg = Release|Any CPU
		{D9664BC1-9FD5-4F70-A276-21BAFA4F554B}.Release|Any CPU.Build.0 = Release|Any CPU
		{D9664BC1-9FD5-4F70-A276-21BAFA4F554B}.Release|x86.ActiveCfg = Release|x86
		{D9664BC1-9FD5-4F70-A276-21BAFA4F554B}.Release|x86.Build.0 = Release|x86
		{56A4EC2F-0685-497B-AC24-111F875E8F1A}.Debug|Any CPU.ActiveCfg = Debug|Any CPU
		{56A4EC2F-0685-497B-AC24-111F875E8F1A}.Debug|Any CPU.Build.0 = Debug|Any CPU
		{56A4EC2F-0685-497B-AC24-111F875E8F1A}.Debug|x86.ActiveCfg = Debug|x86
		{56A4EC2F-0685-497B-AC24-111F875E8F1A}.Debug|x86.Build.0 = Debug|x86
		{56A4EC2F-0685-497B-AC24-111F875E8F1A}.Release|Any CPU.ActiveCfg = Release|Any CPU
		{56A4EC2F-0685-497B-AC24-111F875E8F1A}.Release|Any CPU.Build.0 = Release|Any CPU
		{56A4EC2F-0685-497B-AC24-111F875E8F1A}.Release|x86.ActiveCfg = Release|x86
		{56A4EC2F-0685-497B-AC24-111F875E8F1A}.Release|x86.Build.0 = Release|x86
		{3E3E22FF-8227-40FD-90A3-1A6EAADCFCE6}.Debug|Any CPU.ActiveCfg = Debug|Any CPU
		{3E3E22FF-8227-40FD-90A3-1A6EAADCFCE6}.Debug|Any CPU.Build.0 = Debug|Any CPU
		{3E3E22FF-8227-40FD-90A3-1A6EAADCFCE6}.Debug|x86.ActiveCfg = Debug|x86
		{3E3E22FF-8227-40FD-90A3-1A6EAADCFCE6}.Debug|x86.Build.0 = Debug|x86
		{3E3E22FF-8227-40FD-90A3-1A6EAADCFCE6}.Release|Any CPU.ActiveCfg = Release|Any CPU
		{3E3E22FF-8227-40FD-90A3-1A6EAADCFCE6}.Release|Any CPU.Build.0 = Release|Any CPU
		{3E3E22FF-8227-40FD-90A3-1A6EAADCFCE6}.Release|x86.ActiveCfg = Release|x86
		{3E3E22FF-8227-40FD-90A3-1A6EAADCFCE6}.Release|x86.Build.0 = Release|x86
		{CF4BBFC7-E739-4789-BB1E-4FFBA6F8C6C4}.Debug|Any CPU.ActiveCfg = Debug|Any CPU
		{CF4BBFC7-E739-4789-BB1E-4FFBA6F8C6C4}.Debug|Any CPU.Build.0 = Debug|Any CPU
		{CF4BBFC7-E739-4789-BB1E-4FFBA6F8C6C4}.Debug|x86.ActiveCfg = Debug|x86
		{CF4BBFC7-E739-4789-BB1E-4FFBA6F8C6C4}.Debug|x86.Build.0 = Debug|x86
		{CF4BBFC7-E739-4789-BB1E-4FFBA6F8C6C4}.Release|Any CPU.ActiveCfg = Release|Any CPU
		{CF4BBFC7-E739-4789-BB1E-4FFBA6F8C6C4}.Release|Any CPU.Build.0 = Release|Any CPU
		{CF4BBFC7-E739-4789-BB1E-4FFBA6F8C6C4}.Release|x86.ActiveCfg = Release|x86
		{CF4BBFC7-E739-4789-BB1E-4FFBA6F8C6C4}.Release|x86.Build.0 = Release|x86
		{555A6772-1779-4331-BEE8-5B6DF7E5189C}.Debug|Any CPU.ActiveCfg = Debug|Any CPU
		{555A6772-1779-4331-BEE8-5B6DF7E5189C}.Debug|Any CPU.Build.0 = Debug|Any CPU
		{555A6772-1779-4331-BEE8-5B6DF7E5189C}.Debug|x86.ActiveCfg = Debug|x86
		{555A6772-1779-4331-BEE8-5B6DF7E5189C}.Debug|x86.Build.0 = Debug|x86
		{555A6772-1779-4331-BEE8-5B6DF7E5189C}.Release|Any CPU.ActiveCfg = Release|Any CPU
		{555A6772-1779-4331-BEE8-5B6DF7E5189C}.Release|Any CPU.Build.0 = Release|Any CPU
		{555A6772-1779-4331-BEE8-5B6DF7E5189C}.Release|x86.ActiveCfg = Release|x86
		{555A6772-1779-4331-BEE8-5B6DF7E5189C}.Release|x86.Build.0 = Release|x86
		{988D73F9-B10E-41D9-BE34-FD67D11C393C}.Debug|Any CPU.ActiveCfg = Debug|Any CPU
		{988D73F9-B10E-41D9-BE34-FD67D11C393C}.Debug|Any CPU.Build.0 = Debug|Any CPU
		{988D73F9-B10E-41D9-BE34-FD67D11C393C}.Debug|x86.ActiveCfg = Debug|x86
		{988D73F9-B10E-41D9-BE34-FD67D11C393C}.Debug|x86.Build.0 = Debug|x86
		{988D73F9-B10E-41D9-BE34-FD67D11C393C}.Release|Any CPU.ActiveCfg = Release|Any CPU
		{988D73F9-B10E-41D9-BE34-FD67D11C393C}.Release|Any CPU.Build.0 = Release|Any CPU
		{988D73F9-B10E-41D9-BE34-FD67D11C393C}.Release|x86.ActiveCfg = Release|x86
		{988D73F9-B10E-41D9-BE34-FD67D11C393C}.Release|x86.Build.0 = Release|x86
		{24A0D0CC-2668-41C7-AB8E-20CD52E735F4}.Debug|Any CPU.ActiveCfg = Debug|Any CPU
		{24A0D0CC-2668-41C7-AB8E-20CD52E735F4}.Debug|Any CPU.Build.0 = Debug|Any CPU
		{24A0D0CC-2668-41C7-AB8E-20CD52E735F4}.Debug|x86.ActiveCfg = Debug|x86
		{24A0D0CC-2668-41C7-AB8E-20CD52E735F4}.Debug|x86.Build.0 = Debug|x86
		{24A0D0CC-2668-41C7-AB8E-20CD52E735F4}.Release|Any CPU.ActiveCfg = Release|Any CPU
		{24A0D0CC-2668-41C7-AB8E-20CD52E735F4}.Release|Any CPU.Build.0 = Release|Any CPU
		{24A0D0CC-2668-41C7-AB8E-20CD52E735F4}.Release|x86.ActiveCfg = Release|x86
		{24A0D0CC-2668-41C7-AB8E-20CD52E735F4}.Release|x86.Build.0 = Release|x86
		{8C3587A9-7A26-43B8-9D12-3F5934740528}.Debug|Any CPU.ActiveCfg = Debug|Any CPU
		{8C3587A9-7A26-43B8-9D12-3F5934740528}.Debug|Any CPU.Build.0 = Debug|Any CPU
		{8C3587A9-7A26-43B8-9D12-3F5934740528}.Debug|x86.ActiveCfg = Debug|x86
		{8C3587A9-7A26-43B8-9D12-3F5934740528}.Debug|x86.Build.0 = Debug|x86
		{8C3587A9-7A26-43B8-9D12-3F5934740528}.Release|Any CPU.ActiveCfg = Release|Any CPU
		{8C3587A9-7A26-43B8-9D12-3F5934740528}.Release|Any CPU.Build.0 = Release|Any CPU
		{8C3587A9-7A26-43B8-9D12-3F5934740528}.Release|x86.ActiveCfg = Release|x86
		{8C3587A9-7A26-43B8-9D12-3F5934740528}.Release|x86.Build.0 = Release|x86
		{D8A3C316-50FF-4960-A9A4-3B5AF82DC024}.Debug|Any CPU.ActiveCfg = Debug|Any CPU
		{D8A3C316-50FF-4960-A9A4-3B5AF82DC024}.Debug|Any CPU.Build.0 = Debug|Any CPU
		{D8A3C316-50FF-4960-A9A4-3B5AF82DC024}.Debug|x86.ActiveCfg = Debug|x86
		{D8A3C316-50FF-4960-A9A4-3B5AF82DC024}.Debug|x86.Build.0 = Debug|x86
		{D8A3C316-50FF-4960-A9A4-3B5AF82DC024}.Release|Any CPU.ActiveCfg = Release|Any CPU
		{D8A3C316-50FF-4960-A9A4-3B5AF82DC024}.Release|Any CPU.Build.0 = Release|Any CPU
		{D8A3C316-50FF-4960-A9A4-3B5AF82DC024}.Release|x86.ActiveCfg = Release|x86
		{D8A3C316-50FF-4960-A9A4-3B5AF82DC024}.Release|x86.Build.0 = Release|x86
		{1C998CF6-4BD7-449E-AD67-7057FDA6C71D}.Debug|Any CPU.ActiveCfg = Debug|Any CPU
		{1C998CF6-4BD7-449E-AD67-7057FDA6C71D}.Debug|Any CPU.Build.0 = Debug|Any CPU
		{1C998CF6-4BD7-449E-AD67-7057FDA6C71D}.Debug|x86.ActiveCfg = Debug|x86
		{1C998CF6-4BD7-449E-AD67-7057FDA6C71D}.Debug|x86.Build.0 = Debug|x86
		{1C998CF6-4BD7-449E-AD67-7057FDA6C71D}.Release|Any CPU.ActiveCfg = Release|Any CPU
		{1C998CF6-4BD7-449E-AD67-7057FDA6C71D}.Release|Any CPU.Build.0 = Release|Any CPU
		{1C998CF6-4BD7-449E-AD67-7057FDA6C71D}.Release|x86.ActiveCfg = Release|x86
		{1C998CF6-4BD7-449E-AD67-7057FDA6C71D}.Release|x86.Build.0 = Release|x86
		{ECAFC7D3-C712-4BE8-A0F2-15BE089C5387}.Debug|Any CPU.ActiveCfg = Debug|Any CPU
		{ECAFC7D3-C712-4BE8-A0F2-15BE089C5387}.Debug|Any CPU.Build.0 = Debug|Any CPU
		{ECAFC7D3-C712-4BE8-A0F2-15BE089C5387}.Debug|x86.ActiveCfg = Debug|x86
		{ECAFC7D3-C712-4BE8-A0F2-15BE089C5387}.Debug|x86.Build.0 = Debug|x86
		{ECAFC7D3-C712-4BE8-A0F2-15BE089C5387}.Release|Any CPU.ActiveCfg = Release|Any CPU
		{ECAFC7D3-C712-4BE8-A0F2-15BE089C5387}.Release|Any CPU.Build.0 = Release|Any CPU
		{ECAFC7D3-C712-4BE8-A0F2-15BE089C5387}.Release|x86.ActiveCfg = Release|x86
		{ECAFC7D3-C712-4BE8-A0F2-15BE089C5387}.Release|x86.Build.0 = Release|x86
		{B1AA6220-8C67-4BA6-A97B-E639931B0E16}.Debug|Any CPU.ActiveCfg = Debug|Any CPU
		{B1AA6220-8C67-4BA6-A97B-E639931B0E16}.Debug|Any CPU.Build.0 = Debug|Any CPU
		{B1AA6220-8C67-4BA6-A97B-E639931B0E16}.Debug|x86.ActiveCfg = Debug|x86
		{B1AA6220-8C67-4BA6-A97B-E639931B0E16}.Debug|x86.Build.0 = Debug|x86
		{B1AA6220-8C67-4BA6-A97B-E639931B0E16}.Release|Any CPU.ActiveCfg = Release|Any CPU
		{B1AA6220-8C67-4BA6-A97B-E639931B0E16}.Release|Any CPU.Build.0 = Release|Any CPU
		{B1AA6220-8C67-4BA6-A97B-E639931B0E16}.Release|x86.ActiveCfg = Release|x86
		{B1AA6220-8C67-4BA6-A97B-E639931B0E16}.Release|x86.Build.0 = Release|x86
		{0E1FA92B-CF06-48F3-AAC0-50609AF5396F}.Debug|Any CPU.ActiveCfg = Debug|Any CPU
		{0E1FA92B-CF06-48F3-AAC0-50609AF5396F}.Debug|Any CPU.Build.0 = Debug|Any CPU
		{0E1FA92B-CF06-48F3-AAC0-50609AF5396F}.Debug|x86.ActiveCfg = Debug|x86
		{0E1FA92B-CF06-48F3-AAC0-50609AF5396F}.Debug|x86.Build.0 = Debug|x86
		{0E1FA92B-CF06-48F3-AAC0-50609AF5396F}.Release|Any CPU.ActiveCfg = Release|Any CPU
		{0E1FA92B-CF06-48F3-AAC0-50609AF5396F}.Release|Any CPU.Build.0 = Release|Any CPU
		{0E1FA92B-CF06-48F3-AAC0-50609AF5396F}.Release|x86.ActiveCfg = Release|x86
		{0E1FA92B-CF06-48F3-AAC0-50609AF5396F}.Release|x86.Build.0 = Release|x86
		{133D14DD-29A9-438F-B171-80EB0C5B8509}.Debug|Any CPU.ActiveCfg = Debug|Any CPU
		{133D14DD-29A9-438F-B171-80EB0C5B8509}.Debug|Any CPU.Build.0 = Debug|Any CPU
		{133D14DD-29A9-438F-B171-80EB0C5B8509}.Debug|x86.ActiveCfg = Debug|x86
		{133D14DD-29A9-438F-B171-80EB0C5B8509}.Debug|x86.Build.0 = Debug|x86
		{133D14DD-29A9-438F-B171-80EB0C5B8509}.Release|Any CPU.ActiveCfg = Release|Any CPU
		{133D14DD-29A9-438F-B171-80EB0C5B8509}.Release|Any CPU.Build.0 = Release|Any CPU
		{133D14DD-29A9-438F-B171-80EB0C5B8509}.Release|x86.ActiveCfg = Release|x86
		{133D14DD-29A9-438F-B171-80EB0C5B8509}.Release|x86.Build.0 = Release|x86
		{3A25C9C1-37DB-4B3F-B313-83871490893E}.Debug|Any CPU.ActiveCfg = Debug|Any CPU
		{3A25C9C1-37DB-4B3F-B313-83871490893E}.Debug|Any CPU.Build.0 = Debug|Any CPU
		{3A25C9C1-37DB-4B3F-B313-83871490893E}.Debug|x86.ActiveCfg = Debug|x86
		{3A25C9C1-37DB-4B3F-B313-83871490893E}.Debug|x86.Build.0 = Debug|x86
		{3A25C9C1-37DB-4B3F-B313-83871490893E}.Release|Any CPU.ActiveCfg = Release|Any CPU
		{3A25C9C1-37DB-4B3F-B313-83871490893E}.Release|Any CPU.Build.0 = Release|Any CPU
		{3A25C9C1-37DB-4B3F-B313-83871490893E}.Release|x86.ActiveCfg = Release|x86
		{3A25C9C1-37DB-4B3F-B313-83871490893E}.Release|x86.Build.0 = Release|x86
		{E302A9AB-6D34-4016-82B7-1CD52CE17F0A}.Debug|Any CPU.ActiveCfg = Debug|Any CPU
		{E302A9AB-6D34-4016-82B7-1CD52CE17F0A}.Debug|x86.ActiveCfg = Debug|x86
		{E302A9AB-6D34-4016-82B7-1CD52CE17F0A}.Release|Any CPU.ActiveCfg = Release|Any CPU
		{E302A9AB-6D34-4016-82B7-1CD52CE17F0A}.Release|x86.ActiveCfg = Release|x86
		{4E756C07-5331-4742-BAF8-548CC7C7F980}.Debug|Any CPU.ActiveCfg = Debug|Any CPU
		{4E756C07-5331-4742-BAF8-548CC7C7F980}.Debug|Any CPU.Build.0 = Debug|Any CPU
		{4E756C07-5331-4742-BAF8-548CC7C7F980}.Debug|x86.ActiveCfg = Debug|x86
		{4E756C07-5331-4742-BAF8-548CC7C7F980}.Debug|x86.Build.0 = Debug|x86
		{4E756C07-5331-4742-BAF8-548CC7C7F980}.Release|Any CPU.ActiveCfg = Release|Any CPU
		{4E756C07-5331-4742-BAF8-548CC7C7F980}.Release|Any CPU.Build.0 = Release|Any CPU
		{4E756C07-5331-4742-BAF8-548CC7C7F980}.Release|x86.ActiveCfg = Release|x86
		{4E756C07-5331-4742-BAF8-548CC7C7F980}.Release|x86.Build.0 = Release|x86
		{92BDCA32-D7F2-4B6D-AC0A-4F2CA58D1009}.Debug|Any CPU.ActiveCfg = Debug|Any CPU
		{92BDCA32-D7F2-4B6D-AC0A-4F2CA58D1009}.Debug|Any CPU.Build.0 = Debug|Any CPU
		{92BDCA32-D7F2-4B6D-AC0A-4F2CA58D1009}.Debug|x86.ActiveCfg = Debug|x86
		{92BDCA32-D7F2-4B6D-AC0A-4F2CA58D1009}.Debug|x86.Build.0 = Debug|x86
		{92BDCA32-D7F2-4B6D-AC0A-4F2CA58D1009}.Release|Any CPU.ActiveCfg = Release|Any CPU
		{92BDCA32-D7F2-4B6D-AC0A-4F2CA58D1009}.Release|Any CPU.Build.0 = Release|Any CPU
		{92BDCA32-D7F2-4B6D-AC0A-4F2CA58D1009}.Release|x86.ActiveCfg = Release|x86
		{92BDCA32-D7F2-4B6D-AC0A-4F2CA58D1009}.Release|x86.Build.0 = Release|x86
		{767ED638-2423-4588-95BE-1DB061975B2B}.Debug|Any CPU.ActiveCfg = Debug|Any CPU
		{767ED638-2423-4588-95BE-1DB061975B2B}.Debug|Any CPU.Build.0 = Debug|Any CPU
		{767ED638-2423-4588-95BE-1DB061975B2B}.Debug|x86.ActiveCfg = Debug|x86
		{767ED638-2423-4588-95BE-1DB061975B2B}.Debug|x86.Build.0 = Debug|x86
		{767ED638-2423-4588-95BE-1DB061975B2B}.Release|Any CPU.ActiveCfg = Release|Any CPU
		{767ED638-2423-4588-95BE-1DB061975B2B}.Release|Any CPU.Build.0 = Release|Any CPU
		{767ED638-2423-4588-95BE-1DB061975B2B}.Release|x86.ActiveCfg = Release|x86
		{767ED638-2423-4588-95BE-1DB061975B2B}.Release|x86.Build.0 = Release|x86
		{5A821211-487F-478E-AD65-C4AFA0EE4C82}.Debug|Any CPU.ActiveCfg = Debug|Any CPU
		{5A821211-487F-478E-AD65-C4AFA0EE4C82}.Debug|Any CPU.Build.0 = Debug|Any CPU
		{5A821211-487F-478E-AD65-C4AFA0EE4C82}.Debug|x86.ActiveCfg = Debug|x86
		{5A821211-487F-478E-AD65-C4AFA0EE4C82}.Debug|x86.Build.0 = Debug|x86
		{5A821211-487F-478E-AD65-C4AFA0EE4C82}.Release|Any CPU.ActiveCfg = Release|Any CPU
		{5A821211-487F-478E-AD65-C4AFA0EE4C82}.Release|Any CPU.Build.0 = Release|Any CPU
		{5A821211-487F-478E-AD65-C4AFA0EE4C82}.Release|x86.ActiveCfg = Release|x86
		{5A821211-487F-478E-AD65-C4AFA0EE4C82}.Release|x86.Build.0 = Release|x86
		{ABEF4A03-4DB1-405E-8F83-D10DB36E583B}.Debug|Any CPU.ActiveCfg = Debug|Any CPU
		{ABEF4A03-4DB1-405E-8F83-D10DB36E583B}.Debug|Any CPU.Build.0 = Debug|Any CPU
		{ABEF4A03-4DB1-405E-8F83-D10DB36E583B}.Debug|x86.ActiveCfg = Debug|x86
		{ABEF4A03-4DB1-405E-8F83-D10DB36E583B}.Debug|x86.Build.0 = Debug|x86
		{ABEF4A03-4DB1-405E-8F83-D10DB36E583B}.Release|Any CPU.ActiveCfg = Release|Any CPU
		{ABEF4A03-4DB1-405E-8F83-D10DB36E583B}.Release|Any CPU.Build.0 = Release|Any CPU
		{ABEF4A03-4DB1-405E-8F83-D10DB36E583B}.Release|x86.ActiveCfg = Release|x86
		{ABEF4A03-4DB1-405E-8F83-D10DB36E583B}.Release|x86.Build.0 = Release|x86
		{2F0A3EA8-812F-400C-A08F-174017151101}.Debug|Any CPU.ActiveCfg = Debug|Any CPU
		{2F0A3EA8-812F-400C-A08F-174017151101}.Debug|Any CPU.Build.0 = Debug|Any CPU
		{2F0A3EA8-812F-400C-A08F-174017151101}.Debug|x86.ActiveCfg = Debug|x86
		{2F0A3EA8-812F-400C-A08F-174017151101}.Debug|x86.Build.0 = Debug|x86
		{2F0A3EA8-812F-400C-A08F-174017151101}.Release|Any CPU.ActiveCfg = Release|Any CPU
		{2F0A3EA8-812F-400C-A08F-174017151101}.Release|Any CPU.Build.0 = Release|Any CPU
		{2F0A3EA8-812F-400C-A08F-174017151101}.Release|x86.ActiveCfg = Release|x86
		{2F0A3EA8-812F-400C-A08F-174017151101}.Release|x86.Build.0 = Release|x86
		{4596AFA2-A826-4248-86CB-ED0EC8A1CCE7}.Debug|Any CPU.ActiveCfg = Debug|Any CPU
		{4596AFA2-A826-4248-86CB-ED0EC8A1CCE7}.Debug|Any CPU.Build.0 = Debug|Any CPU
		{4596AFA2-A826-4248-86CB-ED0EC8A1CCE7}.Debug|x86.ActiveCfg = Debug|x86
		{4596AFA2-A826-4248-86CB-ED0EC8A1CCE7}.Debug|x86.Build.0 = Debug|x86
		{4596AFA2-A826-4248-86CB-ED0EC8A1CCE7}.Release|Any CPU.ActiveCfg = Release|Any CPU
		{4596AFA2-A826-4248-86CB-ED0EC8A1CCE7}.Release|Any CPU.Build.0 = Release|Any CPU
		{4596AFA2-A826-4248-86CB-ED0EC8A1CCE7}.Release|x86.ActiveCfg = Release|x86
		{4596AFA2-A826-4248-86CB-ED0EC8A1CCE7}.Release|x86.Build.0 = Release|x86
		{C94037AC-97E5-47AF-9558-0CC21D7277F2}.Debug|Any CPU.ActiveCfg = Debug|Any CPU
		{C94037AC-97E5-47AF-9558-0CC21D7277F2}.Debug|Any CPU.Build.0 = Debug|Any CPU
		{C94037AC-97E5-47AF-9558-0CC21D7277F2}.Debug|x86.ActiveCfg = Debug|x86
		{C94037AC-97E5-47AF-9558-0CC21D7277F2}.Debug|x86.Build.0 = Debug|x86
		{C94037AC-97E5-47AF-9558-0CC21D7277F2}.Release|Any CPU.ActiveCfg = Release|Any CPU
		{C94037AC-97E5-47AF-9558-0CC21D7277F2}.Release|Any CPU.Build.0 = Release|Any CPU
		{C94037AC-97E5-47AF-9558-0CC21D7277F2}.Release|x86.ActiveCfg = Release|x86
		{C94037AC-97E5-47AF-9558-0CC21D7277F2}.Release|x86.Build.0 = Release|x86
		{5374F8CA-F4A8-4F30-92C4-6A938FD12518}.Debug|Any CPU.ActiveCfg = Debug|Any CPU
		{5374F8CA-F4A8-4F30-92C4-6A938FD12518}.Debug|Any CPU.Build.0 = Debug|Any CPU
		{5374F8CA-F4A8-4F30-92C4-6A938FD12518}.Debug|x86.ActiveCfg = Debug|x86
		{5374F8CA-F4A8-4F30-92C4-6A938FD12518}.Debug|x86.Build.0 = Debug|x86
		{5374F8CA-F4A8-4F30-92C4-6A938FD12518}.Release|Any CPU.ActiveCfg = Release|Any CPU
		{5374F8CA-F4A8-4F30-92C4-6A938FD12518}.Release|Any CPU.Build.0 = Release|Any CPU
		{5374F8CA-F4A8-4F30-92C4-6A938FD12518}.Release|x86.ActiveCfg = Release|x86
		{5374F8CA-F4A8-4F30-92C4-6A938FD12518}.Release|x86.Build.0 = Release|x86
		{6BC99087-067E-48FC-AF54-46C0DFE3C704}.Debug|Any CPU.ActiveCfg = Debug|Any CPU
		{6BC99087-067E-48FC-AF54-46C0DFE3C704}.Debug|Any CPU.Build.0 = Debug|Any CPU
		{6BC99087-067E-48FC-AF54-46C0DFE3C704}.Debug|x86.ActiveCfg = Debug|x86
		{6BC99087-067E-48FC-AF54-46C0DFE3C704}.Debug|x86.Build.0 = Debug|x86
		{6BC99087-067E-48FC-AF54-46C0DFE3C704}.Release|Any CPU.ActiveCfg = Release|Any CPU
		{6BC99087-067E-48FC-AF54-46C0DFE3C704}.Release|Any CPU.Build.0 = Release|Any CPU
		{6BC99087-067E-48FC-AF54-46C0DFE3C704}.Release|x86.ActiveCfg = Release|x86
		{6BC99087-067E-48FC-AF54-46C0DFE3C704}.Release|x86.Build.0 = Release|x86
		{ED428E9B-12E0-4385-8A9B-2AB28A943428}.Debug|Any CPU.ActiveCfg = Debug|Any CPU
		{ED428E9B-12E0-4385-8A9B-2AB28A943428}.Debug|Any CPU.Build.0 = Debug|Any CPU
		{ED428E9B-12E0-4385-8A9B-2AB28A943428}.Debug|x86.ActiveCfg = Debug|x86
		{ED428E9B-12E0-4385-8A9B-2AB28A943428}.Debug|x86.Build.0 = Debug|x86
		{ED428E9B-12E0-4385-8A9B-2AB28A943428}.Release|Any CPU.ActiveCfg = Release|Any CPU
		{ED428E9B-12E0-4385-8A9B-2AB28A943428}.Release|Any CPU.Build.0 = Release|Any CPU
		{ED428E9B-12E0-4385-8A9B-2AB28A943428}.Release|x86.ActiveCfg = Release|x86
		{ED428E9B-12E0-4385-8A9B-2AB28A943428}.Release|x86.Build.0 = Release|x86
		{B9D4DE30-1F56-40D0-A44A-D16FC3C0A71B}.Debug|Any CPU.ActiveCfg = Debug|Any CPU
		{B9D4DE30-1F56-40D0-A44A-D16FC3C0A71B}.Debug|Any CPU.Build.0 = Debug|Any CPU
		{B9D4DE30-1F56-40D0-A44A-D16FC3C0A71B}.Debug|x86.ActiveCfg = Debug|x86
		{B9D4DE30-1F56-40D0-A44A-D16FC3C0A71B}.Debug|x86.Build.0 = Debug|x86
		{B9D4DE30-1F56-40D0-A44A-D16FC3C0A71B}.Release|Any CPU.ActiveCfg = Release|Any CPU
		{B9D4DE30-1F56-40D0-A44A-D16FC3C0A71B}.Release|Any CPU.Build.0 = Release|Any CPU
		{B9D4DE30-1F56-40D0-A44A-D16FC3C0A71B}.Release|x86.ActiveCfg = Release|x86
		{B9D4DE30-1F56-40D0-A44A-D16FC3C0A71B}.Release|x86.Build.0 = Release|x86
		{5205351E-A788-4D42-90DA-E87F9307D803}.Debug|Any CPU.ActiveCfg = Debug|Any CPU
		{5205351E-A788-4D42-90DA-E87F9307D803}.Debug|Any CPU.Build.0 = Debug|Any CPU
		{5205351E-A788-4D42-90DA-E87F9307D803}.Debug|x86.ActiveCfg = Debug|x86
		{5205351E-A788-4D42-90DA-E87F9307D803}.Debug|x86.Build.0 = Debug|x86
		{5205351E-A788-4D42-90DA-E87F9307D803}.Release|Any CPU.ActiveCfg = Release|Any CPU
		{5205351E-A788-4D42-90DA-E87F9307D803}.Release|Any CPU.Build.0 = Release|Any CPU
		{5205351E-A788-4D42-90DA-E87F9307D803}.Release|x86.ActiveCfg = Release|x86
		{5205351E-A788-4D42-90DA-E87F9307D803}.Release|x86.Build.0 = Release|x86
		{F5257B2A-E66A-4A87-A00C-03CE2798510E}.Debug|Any CPU.ActiveCfg = Debug|Any CPU
		{F5257B2A-E66A-4A87-A00C-03CE2798510E}.Debug|Any CPU.Build.0 = Debug|Any CPU
		{F5257B2A-E66A-4A87-A00C-03CE2798510E}.Debug|x86.ActiveCfg = Debug|x86
		{F5257B2A-E66A-4A87-A00C-03CE2798510E}.Debug|x86.Build.0 = Debug|x86
		{F5257B2A-E66A-4A87-A00C-03CE2798510E}.Release|Any CPU.ActiveCfg = Release|Any CPU
		{F5257B2A-E66A-4A87-A00C-03CE2798510E}.Release|Any CPU.Build.0 = Release|Any CPU
		{F5257B2A-E66A-4A87-A00C-03CE2798510E}.Release|x86.ActiveCfg = Release|x86
		{F5257B2A-E66A-4A87-A00C-03CE2798510E}.Release|x86.Build.0 = Release|x86
		{8CAD342E-EEAD-45B5-8440-200AEEE3D1C2}.Debug|Any CPU.ActiveCfg = Debug|Any CPU
		{8CAD342E-EEAD-45B5-8440-200AEEE3D1C2}.Debug|Any CPU.Build.0 = Debug|Any CPU
		{8CAD342E-EEAD-45B5-8440-200AEEE3D1C2}.Debug|x86.ActiveCfg = Debug|x86
		{8CAD342E-EEAD-45B5-8440-200AEEE3D1C2}.Debug|x86.Build.0 = Debug|x86
		{8CAD342E-EEAD-45B5-8440-200AEEE3D1C2}.Release|Any CPU.ActiveCfg = Release|Any CPU
		{8CAD342E-EEAD-45B5-8440-200AEEE3D1C2}.Release|Any CPU.Build.0 = Release|Any CPU
		{8CAD342E-EEAD-45B5-8440-200AEEE3D1C2}.Release|x86.ActiveCfg = Release|x86
		{8CAD342E-EEAD-45B5-8440-200AEEE3D1C2}.Release|x86.Build.0 = Release|x86
		{3B9CB8CE-14DE-4E12-AD8D-801D76FC257A}.Debug|Any CPU.ActiveCfg = Debug|Any CPU
		{3B9CB8CE-14DE-4E12-AD8D-801D76FC257A}.Debug|Any CPU.Build.0 = Debug|Any CPU
		{3B9CB8CE-14DE-4E12-AD8D-801D76FC257A}.Debug|x86.ActiveCfg = Debug|x86
		{3B9CB8CE-14DE-4E12-AD8D-801D76FC257A}.Debug|x86.Build.0 = Debug|x86
		{3B9CB8CE-14DE-4E12-AD8D-801D76FC257A}.Release|Any CPU.ActiveCfg = Release|Any CPU
		{3B9CB8CE-14DE-4E12-AD8D-801D76FC257A}.Release|Any CPU.Build.0 = Release|Any CPU
		{3B9CB8CE-14DE-4E12-AD8D-801D76FC257A}.Release|x86.ActiveCfg = Release|x86
		{3B9CB8CE-14DE-4E12-AD8D-801D76FC257A}.Release|x86.Build.0 = Release|x86
		{80F6D1B4-DA86-4BC7-BE17-0AD88FCD9118}.Debug|Any CPU.ActiveCfg = Debug|Any CPU
		{80F6D1B4-DA86-4BC7-BE17-0AD88FCD9118}.Debug|Any CPU.Build.0 = Debug|Any CPU
		{80F6D1B4-DA86-4BC7-BE17-0AD88FCD9118}.Debug|x86.ActiveCfg = Debug|x86
		{80F6D1B4-DA86-4BC7-BE17-0AD88FCD9118}.Debug|x86.Build.0 = Debug|x86
		{80F6D1B4-DA86-4BC7-BE17-0AD88FCD9118}.Release|Any CPU.ActiveCfg = Release|Any CPU
		{80F6D1B4-DA86-4BC7-BE17-0AD88FCD9118}.Release|Any CPU.Build.0 = Release|Any CPU
		{80F6D1B4-DA86-4BC7-BE17-0AD88FCD9118}.Release|x86.ActiveCfg = Release|x86
		{80F6D1B4-DA86-4BC7-BE17-0AD88FCD9118}.Release|x86.Build.0 = Release|x86
		{92D059A2-84BA-47DE-BC55-0846C449BD91}.Debug|Any CPU.ActiveCfg = Debug|Any CPU
		{92D059A2-84BA-47DE-BC55-0846C449BD91}.Debug|Any CPU.Build.0 = Debug|Any CPU
		{92D059A2-84BA-47DE-BC55-0846C449BD91}.Debug|x86.ActiveCfg = Debug|x86
		{92D059A2-84BA-47DE-BC55-0846C449BD91}.Debug|x86.Build.0 = Debug|x86
		{92D059A2-84BA-47DE-BC55-0846C449BD91}.Release|Any CPU.ActiveCfg = Release|Any CPU
		{92D059A2-84BA-47DE-BC55-0846C449BD91}.Release|Any CPU.Build.0 = Release|Any CPU
		{92D059A2-84BA-47DE-BC55-0846C449BD91}.Release|x86.ActiveCfg = Release|x86
		{92D059A2-84BA-47DE-BC55-0846C449BD91}.Release|x86.Build.0 = Release|x86
		{4EB21011-8B2D-42E7-9B3D-4313F8DBBF06}.Debug|Any CPU.ActiveCfg = Debug|Any CPU
		{4EB21011-8B2D-42E7-9B3D-4313F8DBBF06}.Debug|Any CPU.Build.0 = Debug|Any CPU
		{4EB21011-8B2D-42E7-9B3D-4313F8DBBF06}.Debug|x86.ActiveCfg = Debug|x86
		{4EB21011-8B2D-42E7-9B3D-4313F8DBBF06}.Debug|x86.Build.0 = Debug|x86
		{4EB21011-8B2D-42E7-9B3D-4313F8DBBF06}.Release|Any CPU.ActiveCfg = Release|Any CPU
		{4EB21011-8B2D-42E7-9B3D-4313F8DBBF06}.Release|Any CPU.Build.0 = Release|Any CPU
		{4EB21011-8B2D-42E7-9B3D-4313F8DBBF06}.Release|x86.ActiveCfg = Release|x86
		{4EB21011-8B2D-42E7-9B3D-4313F8DBBF06}.Release|x86.Build.0 = Release|x86
		{CC40E488-B733-487F-ABD6-673569A151BB}.Debug|Any CPU.ActiveCfg = Debug|Any CPU
		{CC40E488-B733-487F-ABD6-673569A151BB}.Debug|Any CPU.Build.0 = Debug|Any CPU
		{CC40E488-B733-487F-ABD6-673569A151BB}.Debug|x86.ActiveCfg = Debug|x86
		{CC40E488-B733-487F-ABD6-673569A151BB}.Debug|x86.Build.0 = Debug|x86
		{CC40E488-B733-487F-ABD6-673569A151BB}.Release|Any CPU.ActiveCfg = Release|Any CPU
		{CC40E488-B733-487F-ABD6-673569A151BB}.Release|Any CPU.Build.0 = Release|Any CPU
		{CC40E488-B733-487F-ABD6-673569A151BB}.Release|x86.ActiveCfg = Release|x86
		{CC40E488-B733-487F-ABD6-673569A151BB}.Release|x86.Build.0 = Release|x86
		{70C76E63-679D-4718-826A-5A22CD7557B8}.Debug|Any CPU.ActiveCfg = Debug|Any CPU
		{70C76E63-679D-4718-826A-5A22CD7557B8}.Debug|Any CPU.Build.0 = Debug|Any CPU
		{70C76E63-679D-4718-826A-5A22CD7557B8}.Debug|x86.ActiveCfg = Debug|x86
		{70C76E63-679D-4718-826A-5A22CD7557B8}.Debug|x86.Build.0 = Debug|x86
		{70C76E63-679D-4718-826A-5A22CD7557B8}.Release|Any CPU.ActiveCfg = Release|Any CPU
		{70C76E63-679D-4718-826A-5A22CD7557B8}.Release|Any CPU.Build.0 = Release|Any CPU
		{70C76E63-679D-4718-826A-5A22CD7557B8}.Release|x86.ActiveCfg = Release|x86
		{70C76E63-679D-4718-826A-5A22CD7557B8}.Release|x86.Build.0 = Release|x86
		{10AA1374-4A11-44A6-921F-81761D3A253F}.Debug|Any CPU.ActiveCfg = Debug|Any CPU
		{10AA1374-4A11-44A6-921F-81761D3A253F}.Debug|Any CPU.Build.0 = Debug|Any CPU
		{10AA1374-4A11-44A6-921F-81761D3A253F}.Debug|x86.ActiveCfg = Debug|x86
		{10AA1374-4A11-44A6-921F-81761D3A253F}.Debug|x86.Build.0 = Debug|x86
		{10AA1374-4A11-44A6-921F-81761D3A253F}.Release|Any CPU.ActiveCfg = Release|Any CPU
		{10AA1374-4A11-44A6-921F-81761D3A253F}.Release|Any CPU.Build.0 = Release|Any CPU
		{10AA1374-4A11-44A6-921F-81761D3A253F}.Release|x86.ActiveCfg = Release|x86
		{10AA1374-4A11-44A6-921F-81761D3A253F}.Release|x86.Build.0 = Release|x86
		{06FBFF7A-BB32-4D84-AA34-3E7F64E20032}.Debug|Any CPU.ActiveCfg = Debug|Any CPU
		{06FBFF7A-BB32-4D84-AA34-3E7F64E20032}.Debug|Any CPU.Build.0 = Debug|Any CPU
		{06FBFF7A-BB32-4D84-AA34-3E7F64E20032}.Debug|x86.ActiveCfg = Debug|x86
		{06FBFF7A-BB32-4D84-AA34-3E7F64E20032}.Debug|x86.Build.0 = Debug|x86
		{06FBFF7A-BB32-4D84-AA34-3E7F64E20032}.Release|Any CPU.ActiveCfg = Release|Any CPU
		{06FBFF7A-BB32-4D84-AA34-3E7F64E20032}.Release|Any CPU.Build.0 = Release|Any CPU
		{06FBFF7A-BB32-4D84-AA34-3E7F64E20032}.Release|x86.ActiveCfg = Release|x86
		{06FBFF7A-BB32-4D84-AA34-3E7F64E20032}.Release|x86.Build.0 = Release|x86
		{E2303497-2257-48D9-AEDF-0B9BA05F17AC}.Debug|Any CPU.ActiveCfg = Debug|Any CPU
		{E2303497-2257-48D9-AEDF-0B9BA05F17AC}.Debug|Any CPU.Build.0 = Debug|Any CPU
		{E2303497-2257-48D9-AEDF-0B9BA05F17AC}.Debug|x86.ActiveCfg = Debug|x86
		{E2303497-2257-48D9-AEDF-0B9BA05F17AC}.Debug|x86.Build.0 = Debug|x86
		{E2303497-2257-48D9-AEDF-0B9BA05F17AC}.Release|Any CPU.ActiveCfg = Release|Any CPU
		{E2303497-2257-48D9-AEDF-0B9BA05F17AC}.Release|Any CPU.Build.0 = Release|Any CPU
		{E2303497-2257-48D9-AEDF-0B9BA05F17AC}.Release|x86.ActiveCfg = Release|x86
		{E2303497-2257-48D9-AEDF-0B9BA05F17AC}.Release|x86.Build.0 = Release|x86
		{236E7E11-580E-4B3E-8106-F7AA249AFEF1}.Debug|Any CPU.ActiveCfg = Debug|Any CPU
		{236E7E11-580E-4B3E-8106-F7AA249AFEF1}.Debug|Any CPU.Build.0 = Debug|Any CPU
		{236E7E11-580E-4B3E-8106-F7AA249AFEF1}.Debug|x86.ActiveCfg = Debug|x86
		{236E7E11-580E-4B3E-8106-F7AA249AFEF1}.Debug|x86.Build.0 = Debug|x86
		{236E7E11-580E-4B3E-8106-F7AA249AFEF1}.Release|Any CPU.ActiveCfg = Release|Any CPU
		{236E7E11-580E-4B3E-8106-F7AA249AFEF1}.Release|Any CPU.Build.0 = Release|Any CPU
		{236E7E11-580E-4B3E-8106-F7AA249AFEF1}.Release|x86.ActiveCfg = Release|x86
		{236E7E11-580E-4B3E-8106-F7AA249AFEF1}.Release|x86.Build.0 = Release|x86
		{8D3B1F7B-6627-4A25-9272-6BEB2F752816}.Debug|Any CPU.ActiveCfg = Debug|Any CPU
		{8D3B1F7B-6627-4A25-9272-6BEB2F752816}.Debug|Any CPU.Build.0 = Debug|Any CPU
		{8D3B1F7B-6627-4A25-9272-6BEB2F752816}.Debug|x86.ActiveCfg = Debug|x86
		{8D3B1F7B-6627-4A25-9272-6BEB2F752816}.Debug|x86.Build.0 = Debug|x86
		{8D3B1F7B-6627-4A25-9272-6BEB2F752816}.Release|Any CPU.ActiveCfg = Release|Any CPU
		{8D3B1F7B-6627-4A25-9272-6BEB2F752816}.Release|Any CPU.Build.0 = Release|Any CPU
		{8D3B1F7B-6627-4A25-9272-6BEB2F752816}.Release|x86.ActiveCfg = Release|x86
		{8D3B1F7B-6627-4A25-9272-6BEB2F752816}.Release|x86.Build.0 = Release|x86
	EndGlobalSection
	GlobalSection(SolutionProperties) = preSolution
		HideSolutionNode = FALSE
	EndGlobalSection
	GlobalSection(ExtensibilityGlobals) = postSolution
		SolutionGuid = {6C5792E4-9EF8-4DB4-B18B-61FB6F44AB34}
	EndGlobalSection
EndGlobal
