
Microsoft Visual Studio Solution File, Format Version 10.00
# Visual Studio 2008
Project("{FAE04EC0-301F-11D3-BF4B-00C04F79EFBC}") = "CABCommunication.ApplicationLayer", "CABCommunication.ApplicationLayer.csproj", "{6BC99087-067E-48FC-AF54-46C0DFE3C704}"
EndProject
Project("{FAE04EC0-301F-11D3-BF4B-00C04F79EFBC}") = "CABCommunication.Common", "..\CABCommunication.Common\CABCommunication.Common.csproj", "{5374F8CA-F4A8-4F30-92C4-6A938FD12518}"
EndProject
Project("{FAE04EC0-301F-11D3-BF4B-00C04F79EFBC}") = "CABCommunication.DataLinkLayer", "..\CABCommunication.DataLinkLayer\CABCommunication.DataLinkLayer.csproj", "{C94037AC-97E5-47AF-9558-0CC21D7277F2}"
EndProject
Project("{FAE04EC0-301F-11D3-BF4B-00C04F79EFBC}") = "CABCommunication.PhysicalLayer", "..\CABCommunication.PhysicalLayer\CABCommunication.PhysicalLayer.csproj", "{D8A3C316-50FF-4960-A9A4-3B5AF82DC024}"
EndProject
Project("{FAE04EC0-301F-11D3-BF4B-00C04F79EFBC}") = "Demo", "..\Demo\Demo.csproj", "{800437C9-26B7-4A77-9475-14F1A162F0DF}"
EndProject
Project("{FAE04EC0-301F-11D3-BF4B-00C04F79EFBC}") = "CABCommunication.WrapperLayer", "..\CABCommunication.WrapperLayer\CABCommunication.WrapperLayer.csproj", "{2F0A3EA8-812F-400C-A08F-174017151101}"
EndProject
Global
	GlobalSection(SolutionConfigurationPlatforms) = preSolution
		Debug|Any CPU = Debug|Any CPU
		Release|Any CPU = Release|Any CPU
	EndGlobalSection
	GlobalSection(ProjectConfigurationPlatforms) = postSolution
		{6BC99087-067E-48FC-AF54-46C0DFE3C704}.Debug|Any CPU.ActiveCfg = Debug|Any CPU
		{6BC99087-067E-48FC-AF54-46C0DFE3C704}.Debug|Any CPU.Build.0 = Debug|Any CPU
		{6BC99087-067E-48FC-AF54-46C0DFE3C704}.Release|Any CPU.ActiveCfg = Release|Any CPU
		{6BC99087-067E-48FC-AF54-46C0DFE3C704}.Release|Any CPU.Build.0 = Release|Any CPU
		{5374F8CA-F4A8-4F30-92C4-6A938FD12518}.Debug|Any CPU.ActiveCfg = Debug|Any CPU
		{5374F8CA-F4A8-4F30-92C4-6A938FD12518}.Debug|Any CPU.Build.0 = Debug|Any CPU
		{5374F8CA-F4A8-4F30-92C4-6A938FD12518}.Release|Any CPU.ActiveCfg = Release|Any CPU
		{5374F8CA-F4A8-4F30-92C4-6A938FD12518}.Release|Any CPU.Build.0 = Release|Any CPU
		{C94037AC-97E5-47AF-9558-0CC21D7277F2}.Debug|Any CPU.ActiveCfg = Debug|Any CPU
		{C94037AC-97E5-47AF-9558-0CC21D7277F2}.Debug|Any CPU.Build.0 = Debug|Any CPU
		{C94037AC-97E5-47AF-9558-0CC21D7277F2}.Release|Any CPU.ActiveCfg = Release|Any CPU
		{C94037AC-97E5-47AF-9558-0CC21D7277F2}.Release|Any CPU.Build.0 = Release|Any CPU
		{D8A3C316-50FF-4960-A9A4-3B5AF82DC024}.Debug|Any CPU.ActiveCfg = Debug|Any CPU
		{D8A3C316-50FF-4960-A9A4-3B5AF82DC024}.Debug|Any CPU.Build.0 = Debug|Any CPU
		{D8A3C316-50FF-4960-A9A4-3B5AF82DC024}.Release|Any CPU.ActiveCfg = Release|Any CPU
		{D8A3C316-50FF-4960-A9A4-3B5AF82DC024}.Release|Any CPU.Build.0 = Release|Any CPU
		{800437C9-26B7-4A77-9475-14F1A162F0DF}.Debug|Any CPU.ActiveCfg = Debug|Any CPU
		{800437C9-26B7-4A77-9475-14F1A162F0DF}.Debug|Any CPU.Build.0 = Debug|Any CPU
		{800437C9-26B7-4A77-9475-14F1A162F0DF}.Release|Any CPU.ActiveCfg = Release|Any CPU
		{800437C9-26B7-4A77-9475-14F1A162F0DF}.Release|Any CPU.Build.0 = Release|Any CPU
		{2F0A3EA8-812F-400C-A08F-174017151101}.Debug|Any CPU.ActiveCfg = Debug|Any CPU
		{2F0A3EA8-812F-400C-A08F-174017151101}.Debug|Any CPU.Build.0 = Debug|Any CPU
		{2F0A3EA8-812F-400C-A08F-174017151101}.Release|Any CPU.ActiveCfg = Release|Any CPU
		{2F0A3EA8-812F-400C-A08F-174017151101}.Release|Any CPU.Build.0 = Release|Any CPU
	EndGlobalSection
	GlobalSection(SolutionProperties) = preSolution
		HideSolutionNode = FALSE
	EndGlobalSection
EndGlobal
